
Microsoft Visual Studio Solution File, Format Version 12.00
# Visual Studio 14
VisualStudioVersion = 14.0.24720.0
MinimumVisualStudioVersion = 10.0.40219.1
Project("{FAE04EC0-301F-11D3-BF4B-00C04F79EFBC}") = "Dapplo.Config", "Dapplo.Config\Dapplo.Config.csproj", "{F57325B4-9444-4E68-9485-080A5171E8BC}"
EndProject
Project("{FAE04EC0-301F-11D3-BF4B-00C04F79EFBC}") = "Dapplo.Config.Test", "Dapplo.Config.Test\Dapplo.Config.Test.csproj", "{2C8817A3-AF0F-40CE-89C3-325BBB9417AB}"
EndProject
Global
	GlobalSection(SolutionConfigurationPlatforms) = preSolution
		Debug|Any CPU = Debug|Any CPU
		Release|Any CPU = Release|Any CPU
	EndGlobalSection
	GlobalSection(ProjectConfigurationPlatforms) = postSolution
		{F57325B4-9444-4E68-9485-080A5171E8BC}.Debug|Any CPU.ActiveCfg = Debug|Any CPU
		{F57325B4-9444-4E68-9485-080A5171E8BC}.Debug|Any CPU.Build.0 = Debug|Any CPU
		{F57325B4-9444-4E68-9485-080A5171E8BC}.Release|Any CPU.ActiveCfg = Release|Any CPU
		{F57325B4-9444-4E68-9485-080A5171E8BC}.Release|Any CPU.Build.0 = Release|Any CPU
		{2C8817A3-AF0F-40CE-89C3-325BBB9417AB}.Debug|Any CPU.ActiveCfg = Debug|Any CPU
		{2C8817A3-AF0F-40CE-89C3-325BBB9417AB}.Debug|Any CPU.Build.0 = Debug|Any CPU
		{2C8817A3-AF0F-40CE-89C3-325BBB9417AB}.Release|Any CPU.ActiveCfg = Release|Any CPU
		{2C8817A3-AF0F-40CE-89C3-325BBB9417AB}.Release|Any CPU.Build.0 = Release|Any CPU
	EndGlobalSection
	GlobalSection(SolutionProperties) = preSolution
		HideSolutionNode = FALSE
	EndGlobalSection
EndGlobal
