
Microsoft Visual Studio Solution File, Format Version 12.00
# Visual Studio 15
VisualStudioVersion = 15.0.28010.2036
MinimumVisualStudioVersion = 10.0.40219.1
Project("{9A19103F-16F7-4668-BE54-9A1E7A4F7556}") = "Dapplo.Config.Registry", "Dapplo.Config.Registry\Dapplo.Config.Registry.csproj", "{F57325B4-9444-4E68-9485-080A5171E8BC}"
EndProject
Project("{9A19103F-16F7-4668-BE54-9A1E7A4F7556}") = "Dapplo.Config.Tests", "Dapplo.Config.Tests\Dapplo.Config.Tests.csproj", "{2C8817A3-AF0F-40CE-89C3-325BBB9417AB}"
EndProject
Project("{9A19103F-16F7-4668-BE54-9A1E7A4F7556}") = "Dapplo.Config.Ini", "Dapplo.Config.Ini\Dapplo.Config.Ini.csproj", "{18E3C5E8-7EB7-47C3-B84A-8A8459D85052}"
EndProject
Project("{9A19103F-16F7-4668-BE54-9A1E7A4F7556}") = "Dapplo.Config.Language", "Dapplo.Config.Language\Dapplo.Config.Language.csproj", "{7FACB328-6B3E-40C9-9A53-F3F2D0E27C64}"
EndProject
Project("{9A19103F-16F7-4668-BE54-9A1E7A4F7556}") = "Dapplo.Config", "Dapplo.Config\Dapplo.Config.csproj", "{AE237020-0D96-43D7-AE50-A4CAA6BF89F2}"
EndProject
Project("{FAE04EC0-301F-11D3-BF4B-00C04F79EFBC}") = "Dapplo.Config.BenchmarkTests", "Dapplo.Config.BenchmarkTests\Dapplo.Config.BenchmarkTests.csproj", "{14CEFBC2-FAD1-48CA-ADF0-DB95D52E585C}"
EndProject
Project("{FAE04EC0-301F-11D3-BF4B-00C04F79EFBC}") = "Dapplo.Config.SourceGenerator", "Dapplo.Config.SourceGenerator\Dapplo.Config.SourceGenerator.csproj", "{9DCA3F96-1943-43CF-B3DD-CEA4AD5D43A7}"
EndProject
Global
	GlobalSection(SolutionConfigurationPlatforms) = preSolution
		Debug|Any CPU = Debug|Any CPU
		Debug|x64 = Debug|x64
		Debug|x86 = Debug|x86
		Release|Any CPU = Release|Any CPU
		Release|x64 = Release|x64
		Release|x86 = Release|x86
	EndGlobalSection
	GlobalSection(ProjectConfigurationPlatforms) = postSolution
		{F57325B4-9444-4E68-9485-080A5171E8BC}.Debug|Any CPU.ActiveCfg = Debug|Any CPU
		{F57325B4-9444-4E68-9485-080A5171E8BC}.Debug|Any CPU.Build.0 = Debug|Any CPU
		{F57325B4-9444-4E68-9485-080A5171E8BC}.Debug|x64.ActiveCfg = Debug|Any CPU
		{F57325B4-9444-4E68-9485-080A5171E8BC}.Debug|x64.Build.0 = Debug|Any CPU
		{F57325B4-9444-4E68-9485-080A5171E8BC}.Debug|x86.ActiveCfg = Debug|Any CPU
		{F57325B4-9444-4E68-9485-080A5171E8BC}.Debug|x86.Build.0 = Debug|Any CPU
		{F57325B4-9444-4E68-9485-080A5171E8BC}.Release|Any CPU.ActiveCfg = Release|Any CPU
		{F57325B4-9444-4E68-9485-080A5171E8BC}.Release|Any CPU.Build.0 = Release|Any CPU
		{F57325B4-9444-4E68-9485-080A5171E8BC}.Release|x64.ActiveCfg = Release|Any CPU
		{F57325B4-9444-4E68-9485-080A5171E8BC}.Release|x64.Build.0 = Release|Any CPU
		{F57325B4-9444-4E68-9485-080A5171E8BC}.Release|x86.ActiveCfg = Release|Any CPU
		{F57325B4-9444-4E68-9485-080A5171E8BC}.Release|x86.Build.0 = Release|Any CPU
		{2C8817A3-AF0F-40CE-89C3-325BBB9417AB}.Debug|Any CPU.ActiveCfg = Debug|Any CPU
		{2C8817A3-AF0F-40CE-89C3-325BBB9417AB}.Debug|Any CPU.Build.0 = Debug|Any CPU
		{2C8817A3-AF0F-40CE-89C3-325BBB9417AB}.Debug|x64.ActiveCfg = Debug|Any CPU
		{2C8817A3-AF0F-40CE-89C3-325BBB9417AB}.Debug|x64.Build.0 = Debug|Any CPU
		{2C8817A3-AF0F-40CE-89C3-325BBB9417AB}.Debug|x86.ActiveCfg = Debug|Any CPU
		{2C8817A3-AF0F-40CE-89C3-325BBB9417AB}.Debug|x86.Build.0 = Debug|Any CPU
		{2C8817A3-AF0F-40CE-89C3-325BBB9417AB}.Release|Any CPU.ActiveCfg = Release|Any CPU
		{2C8817A3-AF0F-40CE-89C3-325BBB9417AB}.Release|Any CPU.Build.0 = Release|Any CPU
		{2C8817A3-AF0F-40CE-89C3-325BBB9417AB}.Release|x64.ActiveCfg = Release|Any CPU
		{2C8817A3-AF0F-40CE-89C3-325BBB9417AB}.Release|x64.Build.0 = Release|Any CPU
		{2C8817A3-AF0F-40CE-89C3-325BBB9417AB}.Release|x86.ActiveCfg = Release|Any CPU
		{2C8817A3-AF0F-40CE-89C3-325BBB9417AB}.Release|x86.Build.0 = Release|Any CPU
		{18E3C5E8-7EB7-47C3-B84A-8A8459D85052}.Debug|Any CPU.ActiveCfg = Debug|Any CPU
		{18E3C5E8-7EB7-47C3-B84A-8A8459D85052}.Debug|Any CPU.Build.0 = Debug|Any CPU
		{18E3C5E8-7EB7-47C3-B84A-8A8459D85052}.Debug|x64.ActiveCfg = Debug|Any CPU
		{18E3C5E8-7EB7-47C3-B84A-8A8459D85052}.Debug|x64.Build.0 = Debug|Any CPU
		{18E3C5E8-7EB7-47C3-B84A-8A8459D85052}.Debug|x86.ActiveCfg = Debug|Any CPU
		{18E3C5E8-7EB7-47C3-B84A-8A8459D85052}.Debug|x86.Build.0 = Debug|Any CPU
		{18E3C5E8-7EB7-47C3-B84A-8A8459D85052}.Release|Any CPU.ActiveCfg = Release|Any CPU
		{18E3C5E8-7EB7-47C3-B84A-8A8459D85052}.Release|Any CPU.Build.0 = Release|Any CPU
		{18E3C5E8-7EB7-47C3-B84A-8A8459D85052}.Release|x64.ActiveCfg = Release|Any CPU
		{18E3C5E8-7EB7-47C3-B84A-8A8459D85052}.Release|x64.Build.0 = Release|Any CPU
		{18E3C5E8-7EB7-47C3-B84A-8A8459D85052}.Release|x86.ActiveCfg = Release|Any CPU
		{18E3C5E8-7EB7-47C3-B84A-8A8459D85052}.Release|x86.Build.0 = Release|Any CPU
		{7FACB328-6B3E-40C9-9A53-F3F2D0E27C64}.Debug|Any CPU.ActiveCfg = Debug|Any CPU
		{7FACB328-6B3E-40C9-9A53-F3F2D0E27C64}.Debug|Any CPU.Build.0 = Debug|Any CPU
		{7FACB328-6B3E-40C9-9A53-F3F2D0E27C64}.Debug|x64.ActiveCfg = Debug|Any CPU
		{7FACB328-6B3E-40C9-9A53-F3F2D0E27C64}.Debug|x64.Build.0 = Debug|Any CPU
		{7FACB328-6B3E-40C9-9A53-F3F2D0E27C64}.Debug|x86.ActiveCfg = Debug|Any CPU
		{7FACB328-6B3E-40C9-9A53-F3F2D0E27C64}.Debug|x86.Build.0 = Debug|Any CPU
		{7FACB328-6B3E-40C9-9A53-F3F2D0E27C64}.Release|Any CPU.ActiveCfg = Release|Any CPU
		{7FACB328-6B3E-40C9-9A53-F3F2D0E27C64}.Release|Any CPU.Build.0 = Release|Any CPU
		{7FACB328-6B3E-40C9-9A53-F3F2D0E27C64}.Release|x64.ActiveCfg = Release|Any CPU
		{7FACB328-6B3E-40C9-9A53-F3F2D0E27C64}.Release|x64.Build.0 = Release|Any CPU
		{7FACB328-6B3E-40C9-9A53-F3F2D0E27C64}.Release|x86.ActiveCfg = Release|Any CPU
		{7FACB328-6B3E-40C9-9A53-F3F2D0E27C64}.Release|x86.Build.0 = Release|Any CPU
		{AE237020-0D96-43D7-AE50-A4CAA6BF89F2}.Debug|Any CPU.ActiveCfg = Debug|Any CPU
		{AE237020-0D96-43D7-AE50-A4CAA6BF89F2}.Debug|Any CPU.Build.0 = Debug|Any CPU
		{AE237020-0D96-43D7-AE50-A4CAA6BF89F2}.Debug|x64.ActiveCfg = Debug|Any CPU
		{AE237020-0D96-43D7-AE50-A4CAA6BF89F2}.Debug|x64.Build.0 = Debug|Any CPU
		{AE237020-0D96-43D7-AE50-A4CAA6BF89F2}.Debug|x86.ActiveCfg = Debug|Any CPU
		{AE237020-0D96-43D7-AE50-A4CAA6BF89F2}.Debug|x86.Build.0 = Debug|Any CPU
		{AE237020-0D96-43D7-AE50-A4CAA6BF89F2}.Release|Any CPU.ActiveCfg = Release|Any CPU
		{AE237020-0D96-43D7-AE50-A4CAA6BF89F2}.Release|Any CPU.Build.0 = Release|Any CPU
		{AE237020-0D96-43D7-AE50-A4CAA6BF89F2}.Release|x64.ActiveCfg = Release|Any CPU
		{AE237020-0D96-43D7-AE50-A4CAA6BF89F2}.Release|x64.Build.0 = Release|Any CPU
		{AE237020-0D96-43D7-AE50-A4CAA6BF89F2}.Release|x86.ActiveCfg = Release|Any CPU
		{AE237020-0D96-43D7-AE50-A4CAA6BF89F2}.Release|x86.Build.0 = Release|Any CPU
		{14CEFBC2-FAD1-48CA-ADF0-DB95D52E585C}.Debug|Any CPU.ActiveCfg = Debug|Any CPU
		{14CEFBC2-FAD1-48CA-ADF0-DB95D52E585C}.Debug|Any CPU.Build.0 = Debug|Any CPU
		{14CEFBC2-FAD1-48CA-ADF0-DB95D52E585C}.Debug|x64.ActiveCfg = Debug|Any CPU
		{14CEFBC2-FAD1-48CA-ADF0-DB95D52E585C}.Debug|x64.Build.0 = Debug|Any CPU
		{14CEFBC2-FAD1-48CA-ADF0-DB95D52E585C}.Debug|x86.ActiveCfg = Debug|Any CPU
		{14CEFBC2-FAD1-48CA-ADF0-DB95D52E585C}.Debug|x86.Build.0 = Debug|Any CPU
		{14CEFBC2-FAD1-48CA-ADF0-DB95D52E585C}.Release|Any CPU.ActiveCfg = Release|Any CPU
		{14CEFBC2-FAD1-48CA-ADF0-DB95D52E585C}.Release|Any CPU.Build.0 = Release|Any CPU
		{14CEFBC2-FAD1-48CA-ADF0-DB95D52E585C}.Release|x64.ActiveCfg = Release|Any CPU
		{14CEFBC2-FAD1-48CA-ADF0-DB95D52E585C}.Release|x64.Build.0 = Release|Any CPU
		{14CEFBC2-FAD1-48CA-ADF0-DB95D52E585C}.Release|x86.ActiveCfg = Release|Any CPU
		{14CEFBC2-FAD1-48CA-ADF0-DB95D52E585C}.Release|x86.Build.0 = Release|Any CPU
		{9DCA3F96-1943-43CF-B3DD-CEA4AD5D43A7}.Debug|Any CPU.ActiveCfg = Debug|Any CPU
		{9DCA3F96-1943-43CF-B3DD-CEA4AD5D43A7}.Debug|Any CPU.Build.0 = Debug|Any CPU
		{9DCA3F96-1943-43CF-B3DD-CEA4AD5D43A7}.Debug|x64.ActiveCfg = Debug|Any CPU
		{9DCA3F96-1943-43CF-B3DD-CEA4AD5D43A7}.Debug|x64.Build.0 = Debug|Any CPU
		{9DCA3F96-1943-43CF-B3DD-CEA4AD5D43A7}.Debug|x86.ActiveCfg = Debug|Any CPU
		{9DCA3F96-1943-43CF-B3DD-CEA4AD5D43A7}.Debug|x86.Build.0 = Debug|Any CPU
		{9DCA3F96-1943-43CF-B3DD-CEA4AD5D43A7}.Release|Any CPU.ActiveCfg = Release|Any CPU
		{9DCA3F96-1943-43CF-B3DD-CEA4AD5D43A7}.Release|Any CPU.Build.0 = Release|Any CPU
		{9DCA3F96-1943-43CF-B3DD-CEA4AD5D43A7}.Release|x64.ActiveCfg = Release|Any CPU
		{9DCA3F96-1943-43CF-B3DD-CEA4AD5D43A7}.Release|x64.Build.0 = Release|Any CPU
		{9DCA3F96-1943-43CF-B3DD-CEA4AD5D43A7}.Release|x86.ActiveCfg = Release|Any CPU
		{9DCA3F96-1943-43CF-B3DD-CEA4AD5D43A7}.Release|x86.Build.0 = Release|Any CPU
	EndGlobalSection
	GlobalSection(SolutionProperties) = preSolution
		HideSolutionNode = FALSE
	EndGlobalSection
	GlobalSection(ExtensibilityGlobals) = postSolution
		SolutionGuid = {5D43EEE8-7211-4C62-B530-A946B25DAC99}
	EndGlobalSection
EndGlobal
